
Microsoft Visual Studio Solution File, Format Version 12.00
Project("{FAE04EC0-301F-11D3-BF4B-00C04F79EFBC}") = "portfolio-api", "portfolio-api\portfolio-api.csproj", "{EF595F3F-FD8B-43A1-9B1E-34797E04B410}"
EndProject
Global
	GlobalSection(SolutionConfigurationPlatforms) = preSolution
		Debug|Any CPU = Debug|Any CPU
		Release|Any CPU = Release|Any CPU
	EndGlobalSection
	GlobalSection(ProjectConfigurationPlatforms) = postSolution
		{EF595F3F-FD8B-43A1-9B1E-34797E04B410}.Debug|Any CPU.ActiveCfg = Debug|Any CPU
		{EF595F3F-FD8B-43A1-9B1E-34797E04B410}.Debug|Any CPU.Build.0 = Debug|Any CPU
		{EF595F3F-FD8B-43A1-9B1E-34797E04B410}.Release|Any CPU.ActiveCfg = Release|Any CPU
		{EF595F3F-FD8B-43A1-9B1E-34797E04B410}.Release|Any CPU.Build.0 = Release|Any CPU
	EndGlobalSection
EndGlobal
